lockfileVersion: 5.4

importers:

  .:
    specifiers:
      turbo: ^1.5.4
    dependencies:
      turbo: 1.5.4

  apps/with-injected-dep:
    specifiers:
      '@monorepo/internal-package': workspace:*
      date-fns: ^2.29.3
    dependencies:
      '@monorepo/internal-package': file:packages/internal-package
      date-fns: 2.29.3
    dependenciesMeta:
      '@monorepo/internal-package':
        injected: true

  apps/with-regular-dep:
    specifiers:
      '@monorepo/internal-package': workspace:*
      date-fns: ^2.29.3
    dependencies:
      '@monorepo/internal-package': link:../../packages/internal-package
      date-fns: 2.29.3

  packages/internal-package:
    specifiers: {}

packages:

  /date-fns/2.29.3:
    resolution: {integrity: sha512-dDCnyH2WnnKusqvZZ6+jA1O51Ibt8ZMRNkDZdyAyK4YfbDwa/cEmuztzG5pk6hqlp9aSBPYcjOlktquahGwGeA==}
    engines: {node: '>=0.11'}
    dev: false

  /turbo-darwin-64/1.5.4:
    resolution: {integrity: sha512-Bdxnwf+m0bnRb5HsVZLe+GRer+MOUgLNjOxluwD7POETgH8CTWu99DXfIMAVDWNILVmPCZbWv8Qh2XwhmPlBqw==}
    cpu: [x64]
    os: [darwin]
    requiresBuild: true
    dev: false
    optional: true

  /turbo-darwin-arm64/1.5.4:
    resolution: {integrity: sha512-1Jdv6bl0v9TITEYDxwNFXdWMlYOifWdnrzkTDyaUV/IM0iL1oGiuD4ZdM9VfbR1D7y573dCmVPvbzgV3GQbJZA==}
    cpu: [arm64]
    os: [darwin]
    requiresBuild: true
    dev: false
    optional: true

  /turbo-linux-64/1.5.4:
    resolution: {integrity: sha512-FbsXHOIkFnjX4Qu7ZtoCimmy5GlnTYuy66TO2re3i+jy+a59XOAnhU8tT/+FcA73oDAnSv/SAbz1gbsknCU4PA==}
    cpu: [x64]
    os: [linux]
    requiresBuild: true
    dev: false
    optional: true

  /turbo-linux-arm64/1.5.4:
    resolution: {integrity: sha512-dYX2ekvYsHGSEsLI+NdoYskr1IEmUES+rup3vc9fFziYX+qOoQuttB7VYA9z6+E4fPpLCxAShPwzxmaXhplCNg==}
    cpu: [arm64]
    os: [linux]
    requiresBuild: true
    dev: false
    optional: true

  /turbo-windows-64/1.5.4:
    resolution: {integrity: sha512-xMmmfplaPrN2Bac+tmOo7bncKhcjv2a/6UGXobNspWzwf6dEboHtxbsP0kIfqoi/22gyj66jg/K/gFJgX08pnw==}
    cpu: [x64]
    os: [win32]
    requiresBuild: true
    dev: false
    optional: true

  /turbo-windows-arm64/1.5.4:
    resolution: {integrity: sha512-6/DfBdUK+FrbRavQQY9XnxW+1SHPMsuooVjrW8nSh9KFXxTccbFvslUO38usl/lZ0EMKu7MC8D7Vf/zQ9pYGyw==}
    cpu: [arm64]
    os: [win32]
    requiresBuild: true
    dev: false
    optional: true

  /turbo/1.5.4:
    resolution: {integrity: sha512-8txVfU6J4H5ZkSxr6N6Qn7H+W2Cpr0Uh67VeCH4/ZIbH4u24qPFZA9emlGcss0tI1pZHKGJ0+KjoSzC7vWqN2g==}
    hasBin: true
    requiresBuild: true
    optionalDependencies:
      turbo-darwin-64: 1.5.4
      turbo-darwin-arm64: 1.5.4
      turbo-linux-64: 1.5.4
      turbo-linux-arm64: 1.5.4
      turbo-windows-64: 1.5.4
      turbo-windows-arm64: 1.5.4
    dev: false

  file:packages/internal-package:
    resolution: {directory: packages/internal-package, type: directory}
    name: '@monorepo/internal-package'
    version: 0.0.1
    dev: false
